// !$*UTF8*$!
{
	archiveVersion = 1;
	classes = {
	};
	objectVersion = 50;
	objects = {

/* Begin PBXBuildFile section */
		EDB3081126B5399100EAD154 /* AppDelegate.swift in Sources */ = {isa = PBXBuildFile; fileRef = EDB3081026B5399100EAD154 /* AppDelegate.swift */; };
		EDB3081326B5399100EAD154 /* SceneDelegate.swift in Sources */ = {isa = PBXBuildFile; fileRef = EDB3081226B5399100EAD154 /* SceneDelegate.swift */; };
		EDB3081526B5399100EAD154 /* ListViewController.swift in Sources */ = {isa = PBXBuildFile; fileRef = EDB3081426B5399100EAD154 /* ListViewController.swift */; };
		EDB3081826B5399100EAD154 /* Main.storyboard in Resources */ = {isa = PBXBuildFile; fileRef = EDB3081626B5399100EAD154 /* Main.storyboard */; };
		EDB3081A26B5399200EAD154 /* Assets.xcassets in Resources */ = {isa = PBXBuildFile; fileRef = EDB3081926B5399200EAD154 /* Assets.xcassets */; };
		EDB3081D26B5399200EAD154 /* LaunchScreen.storyboard in Resources */ = {isa = PBXBuildFile; fileRef = EDB3081B26B5399200EAD154 /* LaunchScreen.storyboard */; };
		EDB3082C26B5567000EAD154 /* PokCellView.swift in Sources */ = {isa = PBXBuildFile; fileRef = EDB3082B26B5567000EAD154 /* PokCellView.swift */; };
		EDB3083026B558D700EAD154 /* Observable.swift in Sources */ = {isa = PBXBuildFile; fileRef = EDB3082E26B558D700EAD154 /* Observable.swift */; };
		EDB3083126B558D700EAD154 /* AppInfo.swift in Sources */ = {isa = PBXBuildFile; fileRef = EDB3082F26B558D700EAD154 /* AppInfo.swift */; };
		EDB3083326B558E000EAD154 /* PokAPI.swift in Sources */ = {isa = PBXBuildFile; fileRef = EDB3083226B558E000EAD154 /* PokAPI.swift */; };
		EDB3083626B5590000EAD154 /* IndexModel.swift in Sources */ = {isa = PBXBuildFile; fileRef = EDB3083526B5590000EAD154 /* IndexModel.swift */; };
		EDB3083826B5590500EAD154 /* PokModel.swift in Sources */ = {isa = PBXBuildFile; fileRef = EDB3083726B5590500EAD154 /* PokModel.swift */; };
		EDB3083B26B5592D00EAD154 /* PokViewModel.swift in Sources */ = {isa = PBXBuildFile; fileRef = EDB3083A26B5592D00EAD154 /* PokViewModel.swift */; };
		EDB3083E26B55E9E00EAD154 /* UIView_ext.swift in Sources */ = {isa = PBXBuildFile; fileRef = EDB3083D26B55E9D00EAD154 /* UIView_ext.swift */; };
		EDB3084026B5858E00EAD154 /* Colors.swift in Sources */ = {isa = PBXBuildFile; fileRef = EDB3083F26B5858E00EAD154 /* Colors.swift */; };
		EDEF7C2C26B6F727003C155E /* NetImageView.swift in Sources */ = {isa = PBXBuildFile; fileRef = EDEF7C2B26B6F727003C155E /* NetImageView.swift */; };
		EDEF7C2E26B72A30003C155E /* Flex Medium.ttf in Resources */ = {isa = PBXBuildFile; fileRef = EDEF7C2D26B72A30003C155E /* Flex Medium.ttf */; };
		EDEF7C3026B7301F003C155E /* SpriteCellView.swift in Sources */ = {isa = PBXBuildFile; fileRef = EDEF7C2F26B7301F003C155E /* SpriteCellView.swift */; };
		EDEF7C3926B7C009003C155E /* Localizable.strings in Resources */ = {isa = PBXBuildFile; fileRef = EDEF7C3526B7BD31003C155E /* Localizable.strings */; };
		EDF3F5CF26B6916700F35B2D /* CustomNavController.swift in Sources */ = {isa = PBXBuildFile; fileRef = EDF3F5CE26B6916700F35B2D /* CustomNavController.swift */; };
		EDF3F5D126B697AA00F35B2D /* DetailViewController.swift in Sources */ = {isa = PBXBuildFile; fileRef = EDF3F5D026B697AA00F35B2D /* DetailViewController.swift */; };
		EDF3F5D326B69B4D00F35B2D /* Colors_ext.swift in Sources */ = {isa = PBXBuildFile; fileRef = EDF3F5D226B69B4D00F35B2D /* Colors_ext.swift */; };
		EDF3F5D626B6A2C400F35B2D /* Flex Regular.otf in Resources */ = {isa = PBXBuildFile; fileRef = EDF3F5D526B6A2C300F35B2D /* Flex Regular.otf */; };
		EDF3F5D826B6A43800F35B2D /* Fonts.swift in Sources */ = {isa = PBXBuildFile; fileRef = EDF3F5D726B6A43800F35B2D /* Fonts.swift */; };
		EDF3F5DA26B6AD5A00F35B2D /* PokDetailsModel.swift in Sources */ = {isa = PBXBuildFile; fileRef = EDF3F5D926B6AD5A00F35B2D /* PokDetailsModel.swift */; };
/* End PBXBuildFile section */

/* Begin PBXFileReference section */
		EDB3080D26B5399100EAD154 /* PokChallenge.app */ = {isa = PBXFileReference; explicitFileType = wrapper.application; includeInIndex = 0; path = PokChallenge.app; sourceTree = BUILT_PRODUCTS_DIR; };
		EDB3081026B5399100EAD154 /* AppDelegate.swift */ = {isa = PBXFileReference; lastKnownFileType = sourcecode.swift; path = AppDelegate.swift; sourceTree = "<group>"; };
		EDB3081226B5399100EAD154 /* SceneDelegate.swift */ = {isa = PBXFileReference; lastKnownFileType = sourcecode.swift; path = SceneDelegate.swift; sourceTree = "<group>"; };
		EDB3081426B5399100EAD154 /* ListViewController.swift */ = {isa = PBXFileReference; lastKnownFileType = sourcecode.swift; path = ListViewController.swift; sourceTree = "<group>"; };
		EDB3081726B5399100EAD154 /* Base */ = {isa = PBXFileReference; lastKnownFileType = file.storyboard; name = Base; path = Base.lproj/Main.storyboard; sourceTree = "<group>"; };
		EDB3081926B5399200EAD154 /* Assets.xcassets */ = {isa = PBXFileReference; lastKnownFileType = folder.assetcatalog; path = Assets.xcassets; sourceTree = "<group>"; };
		EDB3081C26B5399200EAD154 /* Base */ = {isa = PBXFileReference; lastKnownFileType = file.storyboard; name = Base; path = Base.lproj/LaunchScreen.storyboard; sourceTree = "<group>"; };
		EDB3081E26B5399200EAD154 /* Info.plist */ = {isa = PBXFileReference; lastKnownFileType = text.plist.xml; path = Info.plist; sourceTree = "<group>"; };
		EDB3082B26B5567000EAD154 /* PokCellView.swift */ = {isa = PBXFileReference; lastKnownFileType = sourcecode.swift; path = PokCellView.swift; sourceTree = "<group>"; };
		EDB3082E26B558D700EAD154 /* Observable.swift */ = {isa = PBXFileReference; fileEncoding = 4; lastKnownFileType = sourcecode.swift; path = Observable.swift; sourceTree = "<group>"; };
		EDB3082F26B558D700EAD154 /* AppInfo.swift */ = {isa = PBXFileReference; fileEncoding = 4; lastKnownFileType = sourcecode.swift; path = AppInfo.swift; sourceTree = "<group>"; };
		EDB3083226B558E000EAD154 /* PokAPI.swift */ = {isa = PBXFileReference; fileEncoding = 4; lastKnownFileType = sourcecode.swift; path = PokAPI.swift; sourceTree = "<group>"; };
		EDB3083526B5590000EAD154 /* IndexModel.swift */ = {isa = PBXFileReference; fileEncoding = 4; lastKnownFileType = sourcecode.swift; path = IndexModel.swift; sourceTree = "<group>"; };
		EDB3083726B5590500EAD154 /* PokModel.swift */ = {isa = PBXFileReference; fileEncoding = 4; lastKnownFileType = sourcecode.swift; path = PokModel.swift; sourceTree = "<group>"; };
		EDB3083A26B5592D00EAD154 /* PokViewModel.swift */ = {isa = PBXFileReference; fileEncoding = 4; lastKnownFileType = sourcecode.swift; path = PokViewModel.swift; sourceTree = "<group>"; };
		EDB3083D26B55E9D00EAD154 /* UIView_ext.swift */ = {isa = PBXFileReference; lastKnownFileType = sourcecode.swift; path = UIView_ext.swift; sourceTree = "<group>"; };
		EDB3083F26B5858E00EAD154 /* Colors.swift */ = {isa = PBXFileReference; lastKnownFileType = sourcecode.swift; path = Colors.swift; sourceTree = "<group>"; };
		EDEF7C2B26B6F727003C155E /* NetImageView.swift */ = {isa = PBXFileReference; fileEncoding = 4; lastKnownFileType = sourcecode.swift; path = NetImageView.swift; sourceTree = "<group>"; };
		EDEF7C2D26B72A30003C155E /* Flex Medium.ttf */ = {isa = PBXFileReference; lastKnownFileType = file; path = "Flex Medium.ttf"; sourceTree = "<group>"; };
		EDEF7C2F26B7301F003C155E /* SpriteCellView.swift */ = {isa = PBXFileReference; lastKnownFileType = sourcecode.swift; path = SpriteCellView.swift; sourceTree = "<group>"; };
		EDEF7C3426B7BD31003C155E /* en */ = {isa = PBXFileReference; lastKnownFileType = text.plist.strings; name = en; path = en.lproj/Localizable.strings; sourceTree = "<group>"; };
		EDEF7C3626B7BD5B003C155E /* it */ = {isa = PBXFileReference; lastKnownFileType = text.plist.strings; name = it; path = it.lproj/Main.strings; sourceTree = "<group>"; };
		EDEF7C3726B7BD5B003C155E /* it */ = {isa = PBXFileReference; lastKnownFileType = text.plist.strings; name = it; path = it.lproj/LaunchScreen.strings; sourceTree = "<group>"; };
		EDEF7C3826B7BD5B003C155E /* it */ = {isa = PBXFileReference; lastKnownFileType = text.plist.strings; name = it; path = it.lproj/Localizable.strings; sourceTree = "<group>"; };
		EDF3F5CE26B6916700F35B2D /* CustomNavController.swift */ = {isa = PBXFileReference; lastKnownFileType = sourcecode.swift; path = CustomNavController.swift; sourceTree = "<group>"; };
		EDF3F5D026B697AA00F35B2D /* DetailViewController.swift */ = {isa = PBXFileReference; lastKnownFileType = sourcecode.swift; path = DetailViewController.swift; sourceTree = "<group>"; };
		EDF3F5D226B69B4D00F35B2D /* Colors_ext.swift */ = {isa = PBXFileReference; lastKnownFileType = sourcecode.swift; path = Colors_ext.swift; sourceTree = "<group>"; };
		EDF3F5D526B6A2C300F35B2D /* Flex Regular.otf */ = {isa = PBXFileReference; lastKnownFileType = file; path = "Flex Regular.otf"; sourceTree = "<group>"; };
		EDF3F5D726B6A43800F35B2D /* Fonts.swift */ = {isa = PBXFileReference; lastKnownFileType = sourcecode.swift; path = Fonts.swift; sourceTree = "<group>"; };
		EDF3F5D926B6AD5A00F35B2D /* PokDetailsModel.swift */ = {isa = PBXFileReference; fileEncoding = 4; lastKnownFileType = sourcecode.swift; path = PokDetailsModel.swift; sourceTree = "<group>"; };
/* End PBXFileReference section */

/* Begin PBXFrameworksBuildPhase section */
		EDB3080A26B5399100EAD154 /* Frameworks */ = {
			isa = PBXFrameworksBuildPhase;
			buildActionMask = 2147483647;
			files = (
			);
			runOnlyForDeploymentPostprocessing = 0;
		};
/* End PBXFrameworksBuildPhase section */

/* Begin PBXGroup section */
		EDB3080426B5399100EAD154 = {
			isa = PBXGroup;
			children = (
				EDB3080F26B5399100EAD154 /* PokChallenge */,
				EDB3080E26B5399100EAD154 /* Products */,
			);
			sourceTree = "<group>";
		};
		EDB3080E26B5399100EAD154 /* Products */ = {
			isa = PBXGroup;
			children = (
				EDB3080D26B5399100EAD154 /* PokChallenge.app */,
			);
			name = Products;
			sourceTree = "<group>";
		};
		EDB3080F26B5399100EAD154 /* PokChallenge */ = {
			isa = PBXGroup;
			children = (
				EDB3081026B5399100EAD154 /* AppDelegate.swift */,
				EDB3081226B5399100EAD154 /* SceneDelegate.swift */,
				EDB3082D26B558BE00EAD154 /* Common */,
				EDB3083C26B55E8300EAD154 /* Ext */,
				EDB3083426B558EE00EAD154 /* Models */,
				EDB3083926B5591700EAD154 /* ViewModels */,
				EDB3082426B53B4F00EAD154 /* Views */,
				EDF3F5D426B6A2C300F35B2D /* Font */,
				EDB3081626B5399100EAD154 /* Main.storyboard */,
				EDB3081926B5399200EAD154 /* Assets.xcassets */,
				EDB3081B26B5399200EAD154 /* LaunchScreen.storyboard */,
				EDB3081E26B5399200EAD154 /* Info.plist */,
				EDEF7C3526B7BD31003C155E /* Localizable.strings */,
			);
			path = PokChallenge;
			sourceTree = "<group>";
		};
		EDB3082426B53B4F00EAD154 /* Views */ = {
			isa = PBXGroup;
			children = (
				EDF3F5CE26B6916700F35B2D /* CustomNavController.swift */,
				EDF3F5D026B697AA00F35B2D /* DetailViewController.swift */,
				EDB3081426B5399100EAD154 /* ListViewController.swift */,
				EDB3082B26B5567000EAD154 /* PokCellView.swift */,
				EDEF7C2F26B7301F003C155E /* SpriteCellView.swift */,
			);
			path = Views;
			sourceTree = "<group>";
		};
		EDB3082D26B558BE00EAD154 /* Common */ = {
			isa = PBXGroup;
			children = (
				EDB3082F26B558D700EAD154 /* AppInfo.swift */,
				EDB3083F26B5858E00EAD154 /* Colors.swift */,
				EDF3F5D726B6A43800F35B2D /* Fonts.swift */,
				EDEF7C2B26B6F727003C155E /* NetImageView.swift */,
				EDB3082E26B558D700EAD154 /* Observable.swift */,
				EDB3083226B558E000EAD154 /* PokAPI.swift */,
			);
			path = Common;
			sourceTree = "<group>";
		};
		EDB3083426B558EE00EAD154 /* Models */ = {
			isa = PBXGroup;
			children = (
				EDB3083526B5590000EAD154 /* IndexModel.swift */,
				EDB3083726B5590500EAD154 /* PokModel.swift */,
				EDF3F5D926B6AD5A00F35B2D /* PokDetailsModel.swift */,
			);
			path = Models;
			sourceTree = "<group>";
		};
		EDB3083926B5591700EAD154 /* ViewModels */ = {
			isa = PBXGroup;
			children = (
				EDB3083A26B5592D00EAD154 /* PokViewModel.swift */,
			);
			path = ViewModels;
			sourceTree = "<group>";
		};
		EDB3083C26B55E8300EAD154 /* Ext */ = {
			isa = PBXGroup;
			children = (
				EDF3F5D226B69B4D00F35B2D /* Colors_ext.swift */,
				EDB3083D26B55E9D00EAD154 /* UIView_ext.swift */,
			);
			path = Ext;
			sourceTree = "<group>";
		};
		EDF3F5D426B6A2C300F35B2D /* Font */ = {
			isa = PBXGroup;
			children = (
				EDEF7C2D26B72A30003C155E /* Flex Medium.ttf */,
				EDF3F5D526B6A2C300F35B2D /* Flex Regular.otf */,
			);
			name = Font;
			path = PokChallenge/Font;
			sourceTree = SOURCE_ROOT;
		};
/* End PBXGroup section */

/* Begin PBXNativeTarget section */
		EDB3080C26B5399100EAD154 /* PokChallenge */ = {
			isa = PBXNativeTarget;
			buildConfigurationList = EDB3082126B5399200EAD154 /* Build configuration list for PBXNativeTarget "PokChallenge" */;
			buildPhases = (
				EDB3080926B5399100EAD154 /* Sources */,
				EDB3080A26B5399100EAD154 /* Frameworks */,
				EDB3080B26B5399100EAD154 /* Resources */,
			);
			buildRules = (
			);
			dependencies = (
			);
			name = PokChallenge;
			productName = PokChallenge;
			productReference = EDB3080D26B5399100EAD154 /* PokChallenge.app */;
			productType = "com.apple.product-type.application";
		};
/* End PBXNativeTarget section */

/* Begin PBXProject section */
		EDB3080526B5399100EAD154 /* Project object */ = {
			isa = PBXProject;
			attributes = {
				LastSwiftUpdateCheck = 1250;
				LastUpgradeCheck = 1250;
				TargetAttributes = {
					EDB3080C26B5399100EAD154 = {
						CreatedOnToolsVersion = 12.5.1;
					};
				};
			};
			buildConfigurationList = EDB3080826B5399100EAD154 /* Build configuration list for PBXProject "PokChallenge" */;
			compatibilityVersion = "Xcode 9.3";
			developmentRegion = en;
			hasScannedForEncodings = 0;
			knownRegions = (
				en,
				Base,
				it,
			);
			mainGroup = EDB3080426B5399100EAD154;
			productRefGroup = EDB3080E26B5399100EAD154 /* Products */;
			projectDirPath = "";
			projectRoot = "";
			targets = (
				EDB3080C26B5399100EAD154 /* PokChallenge */,
			);
		};
/* End PBXProject section */

/* Begin PBXResourcesBuildPhase section */
		EDB3080B26B5399100EAD154 /* Resources */ = {
			isa = PBXResourcesBuildPhase;
			buildActionMask = 2147483647;
			files = (
				EDEF7C3926B7C009003C155E /* Localizable.strings in Resources */,
				EDF3F5D626B6A2C400F35B2D /* Flex Regular.otf in Resources */,
				EDB3081D26B5399200EAD154 /* LaunchScreen.storyboard in Resources */,
				EDB3081A26B5399200EAD154 /* Assets.xcassets in Resources */,
				EDEF7C2E26B72A30003C155E /* Flex Medium.ttf in Resources */,
				EDB3081826B5399100EAD154 /* Main.storyboard in Resources */,
			);
			runOnlyForDeploymentPostprocessing = 0;
		};
/* End PBXResourcesBuildPhase section */

/* Begin PBXSourcesBuildPhase section */
		EDB3080926B5399100EAD154 /* Sources */ = {
			isa = PBXSourcesBuildPhase;
			buildActionMask = 2147483647;
			files = (
				EDF3F5D826B6A43800F35B2D /* Fonts.swift in Sources */,
				EDB3081526B5399100EAD154 /* ListViewController.swift in Sources */,
				EDB3084026B5858E00EAD154 /* Colors.swift in Sources */,
				EDF3F5DA26B6AD5A00F35B2D /* PokDetailsModel.swift in Sources */,
				EDB3083326B558E000EAD154 /* PokAPI.swift in Sources */,
				EDEF7C3026B7301F003C155E /* SpriteCellView.swift in Sources */,
				EDB3083026B558D700EAD154 /* Observable.swift in Sources */,
				EDEF7C2C26B6F727003C155E /* NetImageView.swift in Sources */,
				EDB3083E26B55E9E00EAD154 /* UIView_ext.swift in Sources */,
				EDB3082C26B5567000EAD154 /* PokCellView.swift in Sources */,
				EDB3083626B5590000EAD154 /* IndexModel.swift in Sources */,
				EDB3083826B5590500EAD154 /* PokModel.swift in Sources */,
				EDB3081126B5399100EAD154 /* AppDelegate.swift in Sources */,
				EDB3081326B5399100EAD154 /* SceneDelegate.swift in Sources */,
				EDF3F5D326B69B4D00F35B2D /* Colors_ext.swift in Sources */,
				EDB3083126B558D700EAD154 /* AppInfo.swift in Sources */,
				EDF3F5CF26B6916700F35B2D /* CustomNavController.swift in Sources */,
				EDB3083B26B5592D00EAD154 /* PokViewModel.swift in Sources */,
				EDF3F5D126B697AA00F35B2D /* DetailViewController.swift in Sources */,
			);
			runOnlyForDeploymentPostprocessing = 0;
		};
/* End PBXSourcesBuildPhase section */

/* Begin PBXVariantGroup section */
		EDB3081626B5399100EAD154 /* Main.storyboard */ = {
			isa = PBXVariantGroup;
			children = (
				EDB3081726B5399100EAD154 /* Base */,
				EDEF7C3626B7BD5B003C155E /* it */,
			);
			name = Main.storyboard;
			sourceTree = "<group>";
		};
		EDB3081B26B5399200EAD154 /* LaunchScreen.storyboard */ = {
			isa = PBXVariantGroup;
			children = (
				EDB3081C26B5399200EAD154 /* Base */,
				EDEF7C3726B7BD5B003C155E /* it */,
			);
			name = LaunchScreen.storyboard;
			sourceTree = "<group>";
		};
		EDEF7C3526B7BD31003C155E /* Localizable.strings */ = {
			isa = PBXVariantGroup;
			children = (
				EDEF7C3426B7BD31003C155E /* en */,
				EDEF7C3826B7BD5B003C155E /* it */,
			);
			name = Localizable.strings;
			sourceTree = "<group>";
		};
/* End PBXVariantGroup section */

/* Begin XCBuildConfiguration section */
		EDB3081F26B5399200EAD154 /* Debug */ = {
			isa = XCBuildConfiguration;
			buildSettings = {
				ALWAYS_SEARCH_USER_PATHS = NO;
				CLANG_ANALYZER_LOCALIZABILITY_NONLOCALIZED = YES;
				CLANG_ANALYZER_NONNULL = YES;
				CLANG_ANALYZER_NUMBER_OBJECT_CONVERSION = YES_AGGRESSIVE;
				CLANG_CXX_LANGUAGE_STANDARD = "gnu++14";
				CLANG_CXX_LIBRARY = "libc++";
				CLANG_ENABLE_MODULES = YES;
				CLANG_ENABLE_OBJC_ARC = YES;
				CLANG_ENABLE_OBJC_WEAK = YES;
				CLANG_WARN_BLOCK_CAPTURE_AUTORELEASING = YES;
				CLANG_WARN_BOOL_CONVERSION = YES;
				CLANG_WARN_COMMA = YES;
				CLANG_WARN_CONSTANT_CONVERSION = YES;
				CLANG_WARN_DEPRECATED_OBJC_IMPLEMENTATIONS = YES;
				CLANG_WARN_DIRECT_OBJC_ISA_USAGE = YES_ERROR;
				CLANG_WARN_DOCUMENTATION_COMMENTS = YES;
				CLANG_WARN_EMPTY_BODY = YES;
				CLANG_WARN_ENUM_CONVERSION = YES;
				CLANG_WARN_INFINITE_RECURSION = YES;
				CLANG_WARN_INT_CONVERSION = YES;
				CLANG_WARN_NON_LITERAL_NULL_CONVERSION = YES;
				CLANG_WARN_OBJC_IMPLICIT_RETAIN_SELF = YES;
				CLANG_WARN_OBJC_LITERAL_CONVERSION = YES;
				CLANG_WARN_OBJC_ROOT_CLASS = YES_ERROR;
				CLANG_WARN_QUOTED_INCLUDE_IN_FRAMEWORK_HEADER = YES;
				CLANG_WARN_RANGE_LOOP_ANALYSIS = YES;
				CLANG_WARN_STRICT_PROTOTYPES = YES;
				CLANG_WARN_SUSPICIOUS_MOVE = YES;
				CLANG_WARN_UNGUARDED_AVAILABILITY = YES_AGGRESSIVE;
				CLANG_WARN_UNREACHABLE_CODE = YES;
				CLANG_WARN__DUPLICATE_METHOD_MATCH = YES;
				COPY_PHASE_STRIP = NO;
				DEBUG_INFORMATION_FORMAT = dwarf;
				ENABLE_STRICT_OBJC_MSGSEND = YES;
				ENABLE_TESTABILITY = YES;
				GCC_C_LANGUAGE_STANDARD = gnu11;
				GCC_DYNAMIC_NO_PIC = NO;
				GCC_NO_COMMON_BLOCKS = YES;
				GCC_OPTIMIZATION_LEVEL = 0;
				GCC_PREPROCESSOR_DEFINITIONS = (
					"DEBUG=1",
					"$(inherited)",
				);
				GCC_WARN_64_TO_32_BIT_CONVERSION = YES;
				GCC_WARN_ABOUT_RETURN_TYPE = YES_ERROR;
				GCC_WARN_UNDECLARED_SELECTOR = YES;
				GCC_WARN_UNINITIALIZED_AUTOS = YES_AGGRESSIVE;
				GCC_WARN_UNUSED_FUNCTION = YES;
				GCC_WARN_UNUSED_VARIABLE = YES;
				IPHONEOS_DEPLOYMENT_TARGET = 14.5;
				MTL_ENABLE_DEBUG_INFO = INCLUDE_SOURCE;
				MTL_FAST_MATH = YES;
				ONLY_ACTIVE_ARCH = YES;
				SDKROOT = iphoneos;
				SWIFT_ACTIVE_COMPILATION_CONDITIONS = DEBUG;
				SWIFT_OPTIMIZATION_LEVEL = "-Onone";
			};
			name = Debug;
		};
		EDB3082026B5399200EAD154 /* Release */ = {
			isa = XCBuildConfiguration;
			buildSettings = {
				ALWAYS_SEARCH_USER_PATHS = NO;
				CLANG_ANALYZER_LOCALIZABILITY_NONLOCALIZED = YES;
				CLANG_ANALYZER_NONNULL = YES;
				CLANG_ANALYZER_NUMBER_OBJECT_CONVERSION = YES_AGGRESSIVE;
				CLANG_CXX_LANGUAGE_STANDARD = "gnu++14";
				CLANG_CXX_LIBRARY = "libc++";
				CLANG_ENABLE_MODULES = YES;
				CLANG_ENABLE_OBJC_ARC = YES;
				CLANG_ENABLE_OBJC_WEAK = YES;
				CLANG_WARN_BLOCK_CAPTURE_AUTORELEASING = YES;
				CLANG_WARN_BOOL_CONVERSION = YES;
				CLANG_WARN_COMMA = YES;
				CLANG_WARN_CONSTANT_CONVERSION = YES;
				CLANG_WARN_DEPRECATED_OBJC_IMPLEMENTATIONS = YES;
				CLANG_WARN_DIRECT_OBJC_ISA_USAGE = YES_ERROR;
				CLANG_WARN_DOCUMENTATION_COMMENTS = YES;
				CLANG_WARN_EMPTY_BODY = YES;
				CLANG_WARN_ENUM_CONVERSION = YES;
				CLANG_WARN_INFINITE_RECURSION = YES;
				CLANG_WARN_INT_CONVERSION = YES;
				CLANG_WARN_NON_LITERAL_NULL_CONVERSION = YES;
				CLANG_WARN_OBJC_IMPLICIT_RETAIN_SELF = YES;
				CLANG_WARN_OBJC_LITERAL_CONVERSION = YES;
				CLANG_WARN_OBJC_ROOT_CLASS = YES_ERROR;
				CLANG_WARN_QUOTED_INCLUDE_IN_FRAMEWORK_HEADER = YES;
				CLANG_WARN_RANGE_LOOP_ANALYSIS = YES;
				CLANG_WARN_STRICT_PROTOTYPES = YES;
				CLANG_WARN_SUSPICIOUS_MOVE = YES;
				CLANG_WARN_UNGUARDED_AVAILABILITY = YES_AGGRESSIVE;
				CLANG_WARN_UNREACHABLE_CODE = YES;
				CLANG_WARN__DUPLICATE_METHOD_MATCH = YES;
				COPY_PHASE_STRIP = NO;
				DEBUG_INFORMATION_FORMAT = "dwarf-with-dsym";
				ENABLE_NS_ASSERTIONS = NO;
				ENABLE_STRICT_OBJC_MSGSEND = YES;
				GCC_C_LANGUAGE_STANDARD = gnu11;
				GCC_NO_COMMON_BLOCKS = YES;
				GCC_WARN_64_TO_32_BIT_CONVERSION = YES;
				GCC_WARN_ABOUT_RETURN_TYPE = YES_ERROR;
				GCC_WARN_UNDECLARED_SELECTOR = YES;
				GCC_WARN_UNINITIALIZED_AUTOS = YES_AGGRESSIVE;
				GCC_WARN_UNUSED_FUNCTION = YES;
				GCC_WARN_UNUSED_VARIABLE = YES;
				IPHONEOS_DEPLOYMENT_TARGET = 14.5;
				MTL_ENABLE_DEBUG_INFO = NO;
				MTL_FAST_MATH = YES;
				SDKROOT = iphoneos;
				SWIFT_COMPILATION_MODE = wholemodule;
				SWIFT_OPTIMIZATION_LEVEL = "-O";
				VALIDATE_PRODUCT = YES;
			};
			name = Release;
		};
		EDB3082226B5399200EAD154 /* Debug */ = {
			isa = XCBuildConfiguration;
			buildSettings = {
				ASSETCATALOG_COMPILER_APPICON_NAME = AppIcon;
				ASSETCATALOG_COMPILER_GLOBAL_ACCENT_COLOR_NAME = AccentColor;
				CODE_SIGN_STYLE = Automatic;
				DEVELOPMENT_TEAM = 5X2EC79HX9;
				INFOPLIST_FILE = PokChallenge/Info.plist;
				LD_RUNPATH_SEARCH_PATHS = (
					"$(inherited)",
					"@executable_path/Frameworks",
				);
				PRODUCT_BUNDLE_IDENTIFIER = it.lorenzochellini.PokChallenge;
				PRODUCT_NAME = "$(TARGET_NAME)";
				SWIFT_VERSION = 5.0;
				TARGETED_DEVICE_FAMILY = "1,2";
			};
			name = Debug;
		};
		EDB3082326B5399200EAD154 /* Release */ = {
			isa = XCBuildConfiguration;
			buildSettings = {
				ASSETCATALOG_COMPILER_APPICON_NAME = AppIcon;
				ASSETCATALOG_COMPILER_GLOBAL_ACCENT_COLOR_NAME = AccentColor;
				CODE_SIGN_STYLE = Automatic;
				DEVELOPMENT_TEAM = 5X2EC79HX9;
				INFOPLIST_FILE = PokChallenge/Info.plist;
				LD_RUNPATH_SEARCH_PATHS = (
					"$(inherited)",
					"@executable_path/Frameworks",
				);
				PRODUCT_BUNDLE_IDENTIFIER = it.lorenzochellini.PokChallenge;
				PRODUCT_NAME = "$(TARGET_NAME)";
				SWIFT_VERSION = 5.0;
				TARGETED_DEVICE_FAMILY = "1,2";
			};
			name = Release;
		};
/* End XCBuildConfiguration section */

/* Begin XCConfigurationList section */
		EDB3080826B5399100EAD154 /* Build configuration list for PBXProject "PokChallenge" */ = {
			isa = XCConfigurationList;
			buildConfigurations = (
				EDB3081F26B5399200EAD154 /* Debug */,
				EDB3082026B5399200EAD154 /* Release */,
			);
			defaultConfigurationIsVisible = 0;
			defaultConfigurationName = Release;
		};
		EDB3082126B5399200EAD154 /* Build configuration list for PBXNativeTarget "PokChallenge" */ = {
			isa = XCConfigurationList;
			buildConfigurations = (
				EDB3082226B5399200EAD154 /* Debug */,
				EDB3082326B5399200EAD154 /* Release */,
			);
			defaultConfigurationIsVisible = 0;
			defaultConfigurationName = Release;
		};
/* End XCConfigurationList section */
	};
	rootObject = EDB3080526B5399100EAD154 /* Project object */;
}
